
Microsoft Visual Studio Solution File, Format Version 12.00
# Visual Studio Version 17
VisualStudioVersion = 17.11.35327.3
MinimumVisualStudioVersion = 10.0.40219.1
Project("{FAE04EC0-301F-11D3-BF4B-00C04F79EFBC}") = "EasySharp.SqlSugarCore.Extensions", "EasySharp.SqlSugarCore.Extensions\EasySharp.SqlSugarCore.Extensions.csproj", "{2A1241F8-4F4E-41AA-AE4D-B702ED497B85}"
EndProject
Project("{2150E333-8FDC-42A3-9474-1A3956D46DE8}") = "SqlSugarCore", "SqlSugarCore", "{02EA681E-C7D8-13C7-8484-4AC65E1B71E8}"
EndProject
Project("{FAE04EC0-301F-11D3-BF4B-00C04F79EFBC}") = "EasySharp.SqlSugarCore.Extensions.5.0.0.5", "EasySharp.SqlSugarCore.Extensions.5.0.0.5\EasySharp.SqlSugarCore.Extensions.5.0.0.5.csproj", "{D6AA1795-166C-4DD2-B8AC-93FE9C93006B}"
EndProject
Project("{FAE04EC0-301F-11D3-BF4B-00C04F79EFBC}") = "ClassLibrary1", "ClassLibrary1\ClassLibrary1.csproj", "{CA8A85B1-E78F-468A-AA45-045E60DC119B}"
EndProject
Project("{FAE04EC0-301F-11D3-BF4B-00C04F79EFBC}") = "EasySharp.SqlSugarCore.Extensions.4.5.1", "EasySharp.SqlSugarCore.Extensions.4.5.1\EasySharp.SqlSugarCore.Extensions.4.5.1.csproj", "{533E39F6-32C9-41BC-97E1-0156F868C3D5}"
EndProject
Global
	GlobalSection(SolutionConfigurationPlatforms) = preSolution
		Debug|Any CPU = Debug|Any CPU
		Release|Any CPU = Release|Any CPU
	EndGlobalSection
	GlobalSection(ProjectConfigurationPlatforms) = postSolution
		{2A1241F8-4F4E-41AA-AE4D-B702ED497B85}.Debug|Any CPU.ActiveCfg = Debug|Any CPU
		{2A1241F8-4F4E-41AA-AE4D-B702ED497B85}.Debug|Any CPU.Build.0 = Debug|Any CPU
		{2A1241F8-4F4E-41AA-AE4D-B702ED497B85}.Release|Any CPU.ActiveCfg = Release|Any CPU
		{2A1241F8-4F4E-41AA-AE4D-B702ED497B85}.Release|Any CPU.Build.0 = Release|Any CPU
		{D6AA1795-166C-4DD2-B8AC-93FE9C93006B}.Debug|Any CPU.ActiveCfg = Debug|Any CPU
		{D6AA1795-166C-4DD2-B8AC-93FE9C93006B}.Debug|Any CPU.Build.0 = Debug|Any CPU
		{D6AA1795-166C-4DD2-B8AC-93FE9C93006B}.Release|Any CPU.ActiveCfg = Release|Any CPU
		{D6AA1795-166C-4DD2-B8AC-93FE9C93006B}.Release|Any CPU.Build.0 = Release|Any CPU
		{CA8A85B1-E78F-468A-AA45-045E60DC119B}.Debug|Any CPU.ActiveCfg = Debug|Any CPU
		{CA8A85B1-E78F-468A-AA45-045E60DC119B}.Debug|Any CPU.Build.0 = Debug|Any CPU
		{CA8A85B1-E78F-468A-AA45-045E60DC119B}.Release|Any CPU.ActiveCfg = Release|Any CPU
		{CA8A85B1-E78F-468A-AA45-045E60DC119B}.Release|Any CPU.Build.0 = Release|Any CPU
		{533E39F6-32C9-41BC-97E1-0156F868C3D5}.Debug|Any CPU.ActiveCfg = Debug|Any CPU
		{533E39F6-32C9-41BC-97E1-0156F868C3D5}.Debug|Any CPU.Build.0 = Debug|Any CPU
		{533E39F6-32C9-41BC-97E1-0156F868C3D5}.Release|Any CPU.ActiveCfg = Release|Any CPU
		{533E39F6-32C9-41BC-97E1-0156F868C3D5}.Release|Any CPU.Build.0 = Release|Any CPU
	EndGlobalSection
	GlobalSection(SolutionProperties) = preSolution
		HideSolutionNode = FALSE
	EndGlobalSection
	GlobalSection(NestedProjects) = preSolution
		{D6AA1795-166C-4DD2-B8AC-93FE9C93006B} = {02EA681E-C7D8-13C7-8484-4AC65E1B71E8}
		{533E39F6-32C9-41BC-97E1-0156F868C3D5} = {02EA681E-C7D8-13C7-8484-4AC65E1B71E8}
	EndGlobalSection
	GlobalSection(ExtensibilityGlobals) = postSolution
		SolutionGuid = {45365EE3-0865-4DF7-8095-87FC5797D91B}
	EndGlobalSection
EndGlobal
